// !$*UTF8*$!
{
	archiveVersion = 1;
	classes = {
	};
	objectVersion = 55;
	objects = {

/* Begin PBXBuildFile section */
		072168A927F5EFE500FE1021 /* AppDelegate.m in Sources */ = {isa = PBXBuildFile; fileRef = 072168A827F5EFE500FE1021 /* AppDelegate.m */; };
		072168AF27F5EFE500FE1021 /* ContentViewController.m in Sources */ = {isa = PBXBuildFile; fileRef = 072168AE27F5EFE500FE1021 /* ContentViewController.m */; };
		072168B427F5EFE600FE1021 /* Assets.xcassets in Resources */ = {isa = PBXBuildFile; fileRef = 072168B327F5EFE600FE1021 /* Assets.xcassets */; };
		072168B727F5EFE600FE1021 /* LaunchScreen.storyboard in Resources */ = {isa = PBXBuildFile; fileRef = 072168B527F5EFE600FE1021 /* LaunchScreen.storyboard */; };
		072168BA27F5EFE600FE1021 /* main.m in Sources */ = {isa = PBXBuildFile; fileRef = 072168B927F5EFE600FE1021 /* main.m */; };
		07216A2727F5F3DC00FE1021 /* Flow.m in Sources */ = {isa = PBXBuildFile; fileRef = 07216A2627F5F3DC00FE1021 /* Flow.m */; };
		0729343727FD44E100AAAFED /* GLKRenderColorViewController.m in Sources */ = {isa = PBXBuildFile; fileRef = 0729343627FD44E100AAAFED /* GLKRenderColorViewController.m */; };
		0729359E27FD48FD00AAAFED /* RenderImageViewController.m in Sources */ = {isa = PBXBuildFile; fileRef = 0729359D27FD48FD00AAAFED /* RenderImageViewController.m */; };
		072935A027FD494300AAAFED /* kunkun.jpg in Resources */ = {isa = PBXBuildFile; fileRef = 0729359F27FD494300AAAFED /* kunkun.jpg */; };
		072935AA27FD49E700AAAFED /* UIColor+extension.m in Sources */ = {isa = PBXBuildFile; fileRef = 072935A927FD49E700AAAFED /* UIColor+extension.m */; };
		07F9385E28029D2500D5C63E /* GLKDrawingView.m in Sources */ = {isa = PBXBuildFile; fileRef = 07F9385D28029D2500D5C63E /* GLKDrawingView.m */; };
		07F9386128029D9300D5C63E /* GLSLViewController.m in Sources */ = {isa = PBXBuildFile; fileRef = 07F9386028029D9300D5C63E /* GLSLViewController.m */; };
		07F9386528029E0300D5C63E /* CubeImageViewController.m in Sources */ = {isa = PBXBuildFile; fileRef = 07F9386428029E0300D5C63E /* CubeImageViewController.m */; };
		07F9386D2802F98000D5C63E /* CAEAGLView.m in Sources */ = {isa = PBXBuildFile; fileRef = 07F9386C2802F98000D5C63E /* CAEAGLView.m */; };
		07F9386E2803065000D5C63E /* shaderf.fsh in Resources */ = {isa = PBXBuildFile; fileRef = 07F9386A2802F73D00D5C63E /* shaderf.fsh */; };
		07F9386F2803065000D5C63E /* shaderv.vsh in Resources */ = {isa = PBXBuildFile; fileRef = 07F938662802F1B500D5C63E /* shaderv.vsh */; };
		07F9387A280311BC00D5C63E /* GLESUtils.m in Sources */ = {isa = PBXBuildFile; fileRef = 07F93874280311BC00D5C63E /* GLESUtils.m */; };
		07F9387B280311BC00D5C63E /* GLESMath.c in Sources */ = {isa = PBXBuildFile; fileRef = 07F93876280311BC00D5C63E /* GLESMath.c */; };
		07F9387E280311CF00D5C63E /* PyramidViewController.m in Sources */ = {isa = PBXBuildFile; fileRef = 07F9387D280311CF00D5C63E /* PyramidViewController.m */; };
		07F938812803139300D5C63E /* PyramidView.m in Sources */ = {isa = PBXBuildFile; fileRef = 07F938802803139300D5C63E /* PyramidView.m */; };
		098F947ED164C57FCFD4ABE8 /* Pods_Render.framework in Frameworks */ = {isa = PBXBuildFile; fileRef = 64B026FD7EA89DA77C11724A /* Pods_Render.framework */; };
/* End PBXBuildFile section */

/* Begin PBXFileReference section */
		072168A427F5EFE500FE1021 /* Render.app */ = {isa = PBXFileReference; explicitFileType = wrapper.application; includeInIndex = 0; path = Render.app; sourceTree = BUILT_PRODUCTS_DIR; };
		072168A727F5EFE500FE1021 /* AppDelegate.h */ = {isa = PBXFileReference; lastKnownFileType = sourcecode.c.h; path = AppDelegate.h; sourceTree = "<group>"; };
		072168A827F5EFE500FE1021 /* AppDelegate.m */ = {isa = PBXFileReference; lastKnownFileType = sourcecode.c.objc; path = AppDelegate.m; sourceTree = "<group>"; };
		072168AD27F5EFE500FE1021 /* ContentViewController.h */ = {isa = PBXFileReference; lastKnownFileType = sourcecode.c.h; path = ContentViewController.h; sourceTree = "<group>"; };
		072168AE27F5EFE500FE1021 /* ContentViewController.m */ = {isa = PBXFileReference; lastKnownFileType = sourcecode.c.objc; path = ContentViewController.m; sourceTree = "<group>"; };
		072168B327F5EFE600FE1021 /* Assets.xcassets */ = {isa = PBXFileReference; lastKnownFileType = folder.assetcatalog; path = Assets.xcassets; sourceTree = "<group>"; };
		072168B627F5EFE600FE1021 /* Base */ = {isa = PBXFileReference; lastKnownFileType = file.storyboard; name = Base; path = Base.lproj/LaunchScreen.storyboard; sourceTree = "<group>"; };
		072168B827F5EFE600FE1021 /* Info.plist */ = {isa = PBXFileReference; lastKnownFileType = text.plist.xml; path = Info.plist; sourceTree = "<group>"; };
		072168B927F5EFE600FE1021 /* main.m */ = {isa = PBXFileReference; lastKnownFileType = sourcecode.c.objc; path = main.m; sourceTree = "<group>"; };
		07216A2527F5F3DC00FE1021 /* Flow.h */ = {isa = PBXFileReference; lastKnownFileType = sourcecode.c.h; path = Flow.h; sourceTree = "<group>"; };
		07216A2627F5F3DC00FE1021 /* Flow.m */ = {isa = PBXFileReference; lastKnownFileType = sourcecode.c.objc; path = Flow.m; sourceTree = "<group>"; };
		0729343527FD44E100AAAFED /* GLKRenderColorViewController.h */ = {isa = PBXFileReference; lastKnownFileType = sourcecode.c.h; path = GLKRenderColorViewController.h; sourceTree = "<group>"; };
		0729343627FD44E100AAAFED /* GLKRenderColorViewController.m */ = {isa = PBXFileReference; lastKnownFileType = sourcecode.c.objc; path = GLKRenderColorViewController.m; sourceTree = "<group>"; };
		0729359B27FD474000AAAFED /* PrefixHeader.pch */ = {isa = PBXFileReference; lastKnownFileType = sourcecode.c.h; path = PrefixHeader.pch; sourceTree = "<group>"; };
		0729359C27FD48FD00AAAFED /* RenderImageViewController.h */ = {isa = PBXFileReference; lastKnownFileType = sourcecode.c.h; path = RenderImageViewController.h; sourceTree = "<group>"; };
		0729359D27FD48FD00AAAFED /* RenderImageViewController.m */ = {isa = PBXFileReference; lastKnownFileType = sourcecode.c.objc; path = RenderImageViewController.m; sourceTree = "<group>"; };
		0729359F27FD494300AAAFED /* kunkun.jpg */ = {isa = PBXFileReference; lastKnownFileType = image.jpeg; path = kunkun.jpg; sourceTree = "<group>"; };
		072935A827FD49E700AAAFED /* UIColor+extension.h */ = {isa = PBXFileReference; lastKnownFileType = sourcecode.c.h; path = "UIColor+extension.h"; sourceTree = "<group>"; };
		072935A927FD49E700AAAFED /* UIColor+extension.m */ = {isa = PBXFileReference; lastKnownFileType = sourcecode.c.objc; path = "UIColor+extension.m"; sourceTree = "<group>"; };
		07F9385C28029D2500D5C63E /* GLKDrawingView.h */ = {isa = PBXFileReference; lastKnownFileType = sourcecode.c.h; path = GLKDrawingView.h; sourceTree = "<group>"; };
		07F9385D28029D2500D5C63E /* GLKDrawingView.m */ = {isa = PBXFileReference; lastKnownFileType = sourcecode.c.objc; path = GLKDrawingView.m; sourceTree = "<group>"; };
		07F9385F28029D9300D5C63E /* GLSLViewController.h */ = {isa = PBXFileReference; lastKnownFileType = sourcecode.c.h; path = GLSLViewController.h; sourceTree = "<group>"; };
		07F9386028029D9300D5C63E /* GLSLViewController.m */ = {isa = PBXFileReference; lastKnownFileType = sourcecode.c.objc; path = GLSLViewController.m; sourceTree = "<group>"; };
		07F9386328029E0300D5C63E /* CubeImageViewController.h */ = {isa = PBXFileReference; lastKnownFileType = sourcecode.c.h; path = CubeImageViewController.h; sourceTree = "<group>"; };
		07F9386428029E0300D5C63E /* CubeImageViewController.m */ = {isa = PBXFileReference; lastKnownFileType = sourcecode.c.objc; path = CubeImageViewController.m; sourceTree = "<group>"; };
		07F938662802F1B500D5C63E /* shaderv.vsh */ = {isa = PBXFileReference; lastKnownFileType = sourcecode.glsl; path = shaderv.vsh; sourceTree = "<group>"; };
		07F9386A2802F73D00D5C63E /* shaderf.fsh */ = {isa = PBXFileReference; lastKnownFileType = sourcecode.glsl; path = shaderf.fsh; sourceTree = "<group>"; };
		07F9386B2802F98000D5C63E /* CAEAGLView.h */ = {isa = PBXFileReference; lastKnownFileType = sourcecode.c.h; path = CAEAGLView.h; sourceTree = "<group>"; };
		07F9386C2802F98000D5C63E /* CAEAGLView.m */ = {isa = PBXFileReference; lastKnownFileType = sourcecode.c.objc; path = CAEAGLView.m; sourceTree = "<group>"; };
		07F93874280311BC00D5C63E /* GLESUtils.m */ = {isa = PBXFileReference; fileEncoding = 4; lastKnownFileType = sourcecode.c.objc; path = GLESUtils.m; sourceTree = "<group>"; };
		07F93875280311BC00D5C63E /* Quaternion.h */ = {isa = PBXFileReference; fileEncoding = 4; lastKnownFileType = sourcecode.c.h; path = Quaternion.h; sourceTree = "<group>"; };
		07F93876280311BC00D5C63E /* GLESMath.c */ = {isa = PBXFileReference; fileEncoding = 4; lastKnownFileType = sourcecode.c.c; path = GLESMath.c; sourceTree = "<group>"; };
		07F93877280311BC00D5C63E /* GLESUtils.h */ = {isa = PBXFileReference; fileEncoding = 4; lastKnownFileType = sourcecode.c.h; path = GLESUtils.h; sourceTree = "<group>"; };
		07F93878280311BC00D5C63E /* Vector.h */ = {isa = PBXFileReference; fileEncoding = 4; lastKnownFileType = sourcecode.c.h; path = Vector.h; sourceTree = "<group>"; };
		07F93879280311BC00D5C63E /* GLESMath.h */ = {isa = PBXFileReference; fileEncoding = 4; lastKnownFileType = sourcecode.c.h; path = GLESMath.h; sourceTree = "<group>"; };
		07F9387C280311CF00D5C63E /* PyramidViewController.h */ = {isa = PBXFileReference; lastKnownFileType = sourcecode.c.h; path = PyramidViewController.h; sourceTree = "<group>"; };
		07F9387D280311CF00D5C63E /* PyramidViewController.m */ = {isa = PBXFileReference; lastKnownFileType = sourcecode.c.objc; path = PyramidViewController.m; sourceTree = "<group>"; };
		07F9387F2803139300D5C63E /* PyramidView.h */ = {isa = PBXFileReference; lastKnownFileType = sourcecode.c.h; path = PyramidView.h; sourceTree = "<group>"; };
		07F938802803139300D5C63E /* PyramidView.m */ = {isa = PBXFileReference; lastKnownFileType = sourcecode.c.objc; path = PyramidView.m; sourceTree = "<group>"; };
		15E0A524F2D2526AB81B2B32 /* Pods-Render.debug.xcconfig */ = {isa = PBXFileReference; includeInIndex = 1; lastKnownFileType = text.xcconfig; name = "Pods-Render.debug.xcconfig"; path = "Target Support Files/Pods-Render/Pods-Render.debug.xcconfig"; sourceTree = "<group>"; };
		64B026FD7EA89DA77C11724A /* Pods_Render.framework */ = {isa = PBXFileReference; explicitFileType = wrapper.framework; includeInIndex = 0; path = Pods_Render.framework; sourceTree = BUILT_PRODUCTS_DIR; };
		F0D6070139FC76BC1A203517 /* Pods-Render.release.xcconfig */ = {isa = PBXFileReference; includeInIndex = 1; lastKnownFileType = text.xcconfig; name = "Pods-Render.release.xcconfig"; path = "Target Support Files/Pods-Render/Pods-Render.release.xcconfig"; sourceTree = "<group>"; };
/* End PBXFileReference section */

/* Begin PBXFrameworksBuildPhase section */
		072168A127F5EFE500FE1021 /* Frameworks */ = {
			isa = PBXFrameworksBuildPhase;
			buildActionMask = 2147483647;
			files = (
				098F947ED164C57FCFD4ABE8 /* Pods_Render.framework in Frameworks */,
			);
			runOnlyForDeploymentPostprocessing = 0;
		};
/* End PBXFrameworksBuildPhase section */

/* Begin PBXGroup section */
		0721689B27F5EFE500FE1021 = {
			isa = PBXGroup;
			children = (
				072168A627F5EFE500FE1021 /* Render */,
				072168A527F5EFE500FE1021 /* Products */,
				44862FFA82DD93E2820B1C8D /* Pods */,
				BE1E1EB4CF77BCF312892215 /* Frameworks */,
			);
			sourceTree = "<group>";
		};
		072168A527F5EFE500FE1021 /* Products */ = {
			isa = PBXGroup;
			children = (
				072168A427F5EFE500FE1021 /* Render.app */,
			);
			name = Products;
			sourceTree = "<group>";
		};
		072168A627F5EFE500FE1021 /* Render */ = {
			isa = PBXGroup;
			children = (
				072935A127FD498700AAAFED /* Tools */,
				07216B8B27F5F9AC00FE1021 /* OpenGL */,
				07216A2427F5F3C100FE1021 /* Coordinator */,
				07216A2327F5F39900FE1021 /* App */,
				072168AD27F5EFE500FE1021 /* ContentViewController.h */,
				072168AE27F5EFE500FE1021 /* ContentViewController.m */,
			);
			path = Render;
			sourceTree = "<group>";
		};
		07216A2327F5F39900FE1021 /* App */ = {
			isa = PBXGroup;
			children = (
				0729359F27FD494300AAAFED /* kunkun.jpg */,
				072168B327F5EFE600FE1021 /* Assets.xcassets */,
				072168B527F5EFE600FE1021 /* LaunchScreen.storyboard */,
				072168B827F5EFE600FE1021 /* Info.plist */,
				072168B927F5EFE600FE1021 /* main.m */,
				072168A727F5EFE500FE1021 /* AppDelegate.h */,
				072168A827F5EFE500FE1021 /* AppDelegate.m */,
				0729359B27FD474000AAAFED /* PrefixHeader.pch */,
			);
			path = App;
			sourceTree = "<group>";
		};
		07216A2427F5F3C100FE1021 /* Coordinator */ = {
			isa = PBXGroup;
			children = (
				07216A2527F5F3DC00FE1021 /* Flow.h */,
				07216A2627F5F3DC00FE1021 /* Flow.m */,
			);
			path = Coordinator;
			sourceTree = "<group>";
		};
		07216B8B27F5F9AC00FE1021 /* OpenGL */ = {
			isa = PBXGroup;
			children = (
				07F938702803118A00D5C63E /* Pyramid */,
				07F9386228029DE900D5C63E /* CubeImage */,
				07F9385B28029CF700D5C63E /* GLSL */,
				0729343527FD44E100AAAFED /* GLKRenderColorViewController.h */,
				0729343627FD44E100AAAFED /* GLKRenderColorViewController.m */,
				0729359C27FD48FD00AAAFED /* RenderImageViewController.h */,
				0729359D27FD48FD00AAAFED /* RenderImageViewController.m */,
			);
			path = OpenGL;
			sourceTree = "<group>";
		};
		072935A127FD498700AAAFED /* Tools */ = {
			isa = PBXGroup;
			children = (
				072935A827FD49E700AAAFED /* UIColor+extension.h */,
				072935A927FD49E700AAAFED /* UIColor+extension.m */,
			);
			path = Tools;
			sourceTree = "<group>";
		};
		07F9385B28029CF700D5C63E /* GLSL */ = {
			isa = PBXGroup;
			children = (
				07F938662802F1B500D5C63E /* shaderv.vsh */,
				07F9386A2802F73D00D5C63E /* shaderf.fsh */,
				07F9385C28029D2500D5C63E /* GLKDrawingView.h */,
				07F9385D28029D2500D5C63E /* GLKDrawingView.m */,
				07F9385F28029D9300D5C63E /* GLSLViewController.h */,
				07F9386028029D9300D5C63E /* GLSLViewController.m */,
				07F9386B2802F98000D5C63E /* CAEAGLView.h */,
				07F9386C2802F98000D5C63E /* CAEAGLView.m */,
			);
			path = GLSL;
			sourceTree = "<group>";
		};
		07F9386228029DE900D5C63E /* CubeImage */ = {
			isa = PBXGroup;
			children = (
				07F9386328029E0300D5C63E /* CubeImageViewController.h */,
				07F9386428029E0300D5C63E /* CubeImageViewController.m */,
			);
			path = CubeImage;
			sourceTree = "<group>";
		};
		07F938702803118A00D5C63E /* Pyramid */ = {
			isa = PBXGroup;
			children = (
				07F93873280311BC00D5C63E /* Utils */,
				07F9387C280311CF00D5C63E /* PyramidViewController.h */,
				07F9387D280311CF00D5C63E /* PyramidViewController.m */,
				07F9387F2803139300D5C63E /* PyramidView.h */,
				07F938802803139300D5C63E /* PyramidView.m */,
			);
			path = Pyramid;
			sourceTree = "<group>";
		};
		07F93873280311BC00D5C63E /* Utils */ = {
			isa = PBXGroup;
			children = (
				07F93874280311BC00D5C63E /* GLESUtils.m */,
				07F93875280311BC00D5C63E /* Quaternion.h */,
				07F93876280311BC00D5C63E /* GLESMath.c */,
				07F93877280311BC00D5C63E /* GLESUtils.h */,
				07F93878280311BC00D5C63E /* Vector.h */,
				07F93879280311BC00D5C63E /* GLESMath.h */,
			);
			path = Utils;
			sourceTree = "<group>";
		};
		44862FFA82DD93E2820B1C8D /* Pods */ = {
			isa = PBXGroup;
			children = (
				15E0A524F2D2526AB81B2B32 /* Pods-Render.debug.xcconfig */,
				F0D6070139FC76BC1A203517 /* Pods-Render.release.xcconfig */,
			);
			path = Pods;
			sourceTree = "<group>";
		};
		BE1E1EB4CF77BCF312892215 /* Frameworks */ = {
			isa = PBXGroup;
			children = (
				64B026FD7EA89DA77C11724A /* Pods_Render.framework */,
			);
			name = Frameworks;
			sourceTree = "<group>";
		};
/* End PBXGroup section */

/* Begin PBXNativeTarget section */
		072168A327F5EFE500FE1021 /* Render */ = {
			isa = PBXNativeTarget;
			buildConfigurationList = 072168BD27F5EFE600FE1021 /* Build configuration list for PBXNativeTarget "Render" */;
			buildPhases = (
				6B6EC5FFE249156E35648438 /* [CP] Check Pods Manifest.lock */,
				072168A027F5EFE500FE1021 /* Sources */,
				072168A127F5EFE500FE1021 /* Frameworks */,
				072168A227F5EFE500FE1021 /* Resources */,
				39F732924358A24D0A382D41 /* [CP] Embed Pods Frameworks */,
			);
			buildRules = (
			);
			dependencies = (
			);
			name = Render;
			productName = Render;
			productReference = 072168A427F5EFE500FE1021 /* Render.app */;
			productType = "com.apple.product-type.application";
		};
/* End PBXNativeTarget section */

/* Begin PBXProject section */
		0721689C27F5EFE500FE1021 /* Project object */ = {
			isa = PBXProject;
			attributes = {
				BuildIndependentTargetsInParallel = 1;
				LastUpgradeCheck = 1330;
				TargetAttributes = {
					072168A327F5EFE500FE1021 = {
						CreatedOnToolsVersion = 13.3;
					};
				};
			};
			buildConfigurationList = 0721689F27F5EFE500FE1021 /* Build configuration list for PBXProject "Render" */;
			compatibilityVersion = "Xcode 13.0";
			developmentRegion = en;
			hasScannedForEncodings = 0;
			knownRegions = (
				en,
				Base,
			);
			mainGroup = 0721689B27F5EFE500FE1021;
			productRefGroup = 072168A527F5EFE500FE1021 /* Products */;
			projectDirPath = "";
			projectRoot = "";
			targets = (
				072168A327F5EFE500FE1021 /* Render */,
			);
		};
/* End PBXProject section */

/* Begin PBXResourcesBuildPhase section */
		072168A227F5EFE500FE1021 /* Resources */ = {
			isa = PBXResourcesBuildPhase;
			buildActionMask = 2147483647;
			files = (
				07F9386F2803065000D5C63E /* shaderv.vsh in Resources */,
				072168B727F5EFE600FE1021 /* LaunchScreen.storyboard in Resources */,
				072935A027FD494300AAAFED /* kunkun.jpg in Resources */,
				072168B427F5EFE600FE1021 /* Assets.xcassets in Resources */,
				07F9386E2803065000D5C63E /* shaderf.fsh in Resources */,
			);
			runOnlyForDeploymentPostprocessing = 0;
		};
/* End PBXResourcesBuildPhase section */

/* Begin PBXShellScriptBuildPhase section */
		39F732924358A24D0A382D41 /* [CP] Embed Pods Frameworks */ = {
			isa = PBXShellScriptBuildPhase;
			buildActionMask = 2147483647;
			files = (
			);
			inputFileListPaths = (
				"${PODS_ROOT}/Target Support Files/Pods-Render/Pods-Render-frameworks-${CONFIGURATION}-input-files.xcfilelist",
			);
			name = "[CP] Embed Pods Frameworks";
			outputFileListPaths = (
				"${PODS_ROOT}/Target Support Files/Pods-Render/Pods-Render-frameworks-${CONFIGURATION}-output-files.xcfilelist",
			);
			runOnlyForDeploymentPostprocessing = 0;
			shellPath = /bin/sh;
			shellScript = "\"${PODS_ROOT}/Target Support Files/Pods-Render/Pods-Render-frameworks.sh\"\n";
			showEnvVarsInLog = 0;
		};
		6B6EC5FFE249156E35648438 /* [CP] Check Pods Manifest.lock */ = {
			isa = PBXShellScriptBuildPhase;
			buildActionMask = 2147483647;
			files = (
			);
			inputFileListPaths = (
			);
			inputPaths = (
				"${PODS_PODFILE_DIR_PATH}/Podfile.lock",
				"${PODS_ROOT}/Manifest.lock",
			);
			name = "[CP] Check Pods Manifest.lock";
			outputFileListPaths = (
			);
			outputPaths = (
				"$(DERIVED_FILE_DIR)/Pods-Render-checkManifestLockResult.txt",
			);
			runOnlyForDeploymentPostprocessing = 0;
			shellPath = /bin/sh;
			shellScript = "diff \"${PODS_PODFILE_DIR_PATH}/Podfile.lock\" \"${PODS_ROOT}/Manifest.lock\" > /dev/null\nif [ $? != 0 ] ; then\n    # print error to STDERR\n    echo \"error: The sandbox is not in sync with the Podfile.lock. Run 'pod install' or update your CocoaPods installation.\" >&2\n    exit 1\nfi\n# This output is used by Xcode 'outputs' to avoid re-running this script phase.\necho \"SUCCESS\" > \"${SCRIPT_OUTPUT_FILE_0}\"\n";
			showEnvVarsInLog = 0;
		};
/* End PBXShellScriptBuildPhase section */

/* Begin PBXSourcesBuildPhase section */
		072168A027F5EFE500FE1021 /* Sources */ = {
			isa = PBXSourcesBuildPhase;
			buildActionMask = 2147483647;
			files = (
				07F9386128029D9300D5C63E /* GLSLViewController.m in Sources */,
				07F9385E28029D2500D5C63E /* GLKDrawingView.m in Sources */,
				07F9386D2802F98000D5C63E /* CAEAGLView.m in Sources */,
				07F9387B280311BC00D5C63E /* GLESMath.c in Sources */,
				072168AF27F5EFE500FE1021 /* ContentViewController.m in Sources */,
				07F9386528029E0300D5C63E /* CubeImageViewController.m in Sources */,
				07216A2727F5F3DC00FE1021 /* Flow.m in Sources */,
				07F9387E280311CF00D5C63E /* PyramidViewController.m in Sources */,
				07F938812803139300D5C63E /* PyramidView.m in Sources */,
				0729359E27FD48FD00AAAFED /* RenderImageViewController.m in Sources */,
				072935AA27FD49E700AAAFED /* UIColor+extension.m in Sources */,
				0729343727FD44E100AAAFED /* GLKRenderColorViewController.m in Sources */,
				072168A927F5EFE500FE1021 /* AppDelegate.m in Sources */,
				07F9387A280311BC00D5C63E /* GLESUtils.m in Sources */,
				072168BA27F5EFE600FE1021 /* main.m in Sources */,
			);
			runOnlyForDeploymentPostprocessing = 0;
		};
/* End PBXSourcesBuildPhase section */

/* Begin PBXVariantGroup section */
		072168B527F5EFE600FE1021 /* LaunchScreen.storyboard */ = {
			isa = PBXVariantGroup;
			children = (
				072168B627F5EFE600FE1021 /* Base */,
			);
			name = LaunchScreen.storyboard;
			sourceTree = "<group>";
		};
/* End PBXVariantGroup section */

/* Begin XCBuildConfiguration section */
		072168BB27F5EFE600FE1021 /* Debug */ = {
			isa = XCBuildConfiguration;
			buildSettings = {
				ALWAYS_SEARCH_USER_PATHS = NO;
				CLANG_ANALYZER_NONNULL = YES;
				CLANG_ANALYZER_NUMBER_OBJECT_CONVERSION = YES_AGGRESSIVE;
				CLANG_CXX_LANGUAGE_STANDARD = "gnu++17";
				CLANG_ENABLE_MODULES = YES;
				CLANG_ENABLE_OBJC_ARC = YES;
				CLANG_ENABLE_OBJC_WEAK = YES;
				CLANG_WARN_BLOCK_CAPTURE_AUTORELEASING = YES;
				CLANG_WARN_BOOL_CONVERSION = YES;
				CLANG_WARN_COMMA = YES;
				CLANG_WARN_CONSTANT_CONVERSION = YES;
				CLANG_WARN_DEPRECATED_OBJC_IMPLEMENTATIONS = YES;
				CLANG_WARN_DIRECT_OBJC_ISA_USAGE = YES_ERROR;
				CLANG_WARN_DOCUMENTATION_COMMENTS = YES;
				CLANG_WARN_EMPTY_BODY = YES;
				CLANG_WARN_ENUM_CONVERSION = YES;
				CLANG_WARN_INFINITE_RECURSION = YES;
				CLANG_WARN_INT_CONVERSION = YES;
				CLANG_WARN_NON_LITERAL_NULL_CONVERSION = YES;
				CLANG_WARN_OBJC_IMPLICIT_RETAIN_SELF = YES;
				CLANG_WARN_OBJC_LITERAL_CONVERSION = YES;
				CLANG_WARN_OBJC_ROOT_CLASS = YES_ERROR;
				CLANG_WARN_QUOTED_INCLUDE_IN_FRAMEWORK_HEADER = YES;
				CLANG_WARN_RANGE_LOOP_ANALYSIS = YES;
				CLANG_WARN_STRICT_PROTOTYPES = YES;
				CLANG_WARN_SUSPICIOUS_MOVE = YES;
				CLANG_WARN_UNGUARDED_AVAILABILITY = YES_AGGRESSIVE;
				CLANG_WARN_UNREACHABLE_CODE = YES;
				CLANG_WARN__DUPLICATE_METHOD_MATCH = YES;
				COPY_PHASE_STRIP = NO;
				DEBUG_INFORMATION_FORMAT = dwarf;
				ENABLE_STRICT_OBJC_MSGSEND = YES;
				ENABLE_TESTABILITY = YES;
				GCC_C_LANGUAGE_STANDARD = gnu11;
				GCC_DYNAMIC_NO_PIC = NO;
				GCC_NO_COMMON_BLOCKS = YES;
				GCC_OPTIMIZATION_LEVEL = 0;
				GCC_PREPROCESSOR_DEFINITIONS = (
					"DEBUG=1",
					"$(inherited)",
				);
				GCC_WARN_64_TO_32_BIT_CONVERSION = YES;
				GCC_WARN_ABOUT_RETURN_TYPE = YES_ERROR;
				GCC_WARN_UNDECLARED_SELECTOR = YES;
				GCC_WARN_UNINITIALIZED_AUTOS = YES_AGGRESSIVE;
				GCC_WARN_UNUSED_FUNCTION = YES;
				GCC_WARN_UNUSED_VARIABLE = YES;
				IPHONEOS_DEPLOYMENT_TARGET = 11.0;
				MTL_ENABLE_DEBUG_INFO = INCLUDE_SOURCE;
				MTL_FAST_MATH = YES;
				ONLY_ACTIVE_ARCH = YES;
				SDKROOT = iphoneos;
			};
			name = Debug;
		};
		072168BC27F5EFE600FE1021 /* Release */ = {
			isa = XCBuildConfiguration;
			buildSettings = {
				ALWAYS_SEARCH_USER_PATHS = NO;
				CLANG_ANALYZER_NONNULL = YES;
				CLANG_ANALYZER_NUMBER_OBJECT_CONVERSION = YES_AGGRESSIVE;
				CLANG_CXX_LANGUAGE_STANDARD = "gnu++17";
				CLANG_ENABLE_MODULES = YES;
				CLANG_ENABLE_OBJC_ARC = YES;
				CLANG_ENABLE_OBJC_WEAK = YES;
				CLANG_WARN_BLOCK_CAPTURE_AUTORELEASING = YES;
				CLANG_WARN_BOOL_CONVERSION = YES;
				CLANG_WARN_COMMA = YES;
				CLANG_WARN_CONSTANT_CONVERSION = YES;
				CLANG_WARN_DEPRECATED_OBJC_IMPLEMENTATIONS = YES;
				CLANG_WARN_DIRECT_OBJC_ISA_USAGE = YES_ERROR;
				CLANG_WARN_DOCUMENTATION_COMMENTS = YES;
				CLANG_WARN_EMPTY_BODY = YES;
				CLANG_WARN_ENUM_CONVERSION = YES;
				CLANG_WARN_INFINITE_RECURSION = YES;
				CLANG_WARN_INT_CONVERSION = YES;
				CLANG_WARN_NON_LITERAL_NULL_CONVERSION = YES;
				CLANG_WARN_OBJC_IMPLICIT_RETAIN_SELF = YES;
				CLANG_WARN_OBJC_LITERAL_CONVERSION = YES;
				CLANG_WARN_OBJC_ROOT_CLASS = YES_ERROR;
				CLANG_WARN_QUOTED_INCLUDE_IN_FRAMEWORK_HEADER = YES;
				CLANG_WARN_RANGE_LOOP_ANALYSIS = YES;
				CLANG_WARN_STRICT_PROTOTYPES = YES;
				CLANG_WARN_SUSPICIOUS_MOVE = YES;
				CLANG_WARN_UNGUARDED_AVAILABILITY = YES_AGGRESSIVE;
				CLANG_WARN_UNREACHABLE_CODE = YES;
				CLANG_WARN__DUPLICATE_METHOD_MATCH = YES;
				COPY_PHASE_STRIP = NO;
				DEBUG_INFORMATION_FORMAT = "dwarf-with-dsym";
				ENABLE_NS_ASSERTIONS = NO;
				ENABLE_STRICT_OBJC_MSGSEND = YES;
				GCC_C_LANGUAGE_STANDARD = gnu11;
				GCC_NO_COMMON_BLOCKS = YES;
				GCC_WARN_64_TO_32_BIT_CONVERSION = YES;
				GCC_WARN_ABOUT_RETURN_TYPE = YES_ERROR;
				GCC_WARN_UNDECLARED_SELECTOR = YES;
				GCC_WARN_UNINITIALIZED_AUTOS = YES_AGGRESSIVE;
				GCC_WARN_UNUSED_FUNCTION = YES;
				GCC_WARN_UNUSED_VARIABLE = YES;
				IPHONEOS_DEPLOYMENT_TARGET = 11.0;
				MTL_ENABLE_DEBUG_INFO = NO;
				MTL_FAST_MATH = YES;
				SDKROOT = iphoneos;
				VALIDATE_PRODUCT = YES;
			};
			name = Release;
		};
		072168BE27F5EFE600FE1021 /* Debug */ = {
			isa = XCBuildConfiguration;
			baseConfigurationReference = 15E0A524F2D2526AB81B2B32 /* Pods-Render.debug.xcconfig */;
			buildSettings = {
				ASSETCATALOG_COMPILER_APPICON_NAME = AppIcon;
				ASSETCATALOG_COMPILER_GLOBAL_ACCENT_COLOR_NAME = AccentColor;
				CODE_SIGN_STYLE = Automatic;
				CURRENT_PROJECT_VERSION = 1;
				DEVELOPMENT_TEAM = LH8PPFBRK4;
				GCC_PREFIX_HEADER = "${PROJECT}/App/PrefixHeader.pch";
				GENERATE_INFOPLIST_FILE = YES;
				INFOPLIST_FILE = Render/App/Info.plist;
				INFOPLIST_KEY_UIApplicationSupportsIndirectInputEvents = YES;
				INFOPLIST_KEY_UILaunchStoryboardName = LaunchScreen;
				INFOPLIST_KEY_UISupportedInterfaceOrientations = UIInterfaceOrientationPortrait;
				INFOPLIST_KEY_UISupportedInterfaceOrientations_iPad = "UIInterfaceOrientationPortrait UIInterfaceOrientationPortraitUpsideDown UIInterfaceOrientationLandscapeLeft UIInterfaceOrientationLandscapeRight";
				INFOPLIST_KEY_UISupportedInterfaceOrientations_iPhone = "UIInterfaceOrientationPortrait UIInterfaceOrientationLandscapeLeft UIInterfaceOrientationLandscapeRight";
				IPHONEOS_DEPLOYMENT_TARGET = 11.4;
				LD_RUNPATH_SEARCH_PATHS = (
					"$(inherited)",
					"@executable_path/Frameworks",
				);
				MARKETING_VERSION = 1.0;
				PRODUCT_BUNDLE_IDENTIFIER = fri.Render;
				PRODUCT_NAME = "$(TARGET_NAME)";
				SWIFT_EMIT_LOC_STRINGS = YES;
				TARGETED_DEVICE_FAMILY = 1;
			};
			name = Debug;
		};
		072168BF27F5EFE600FE1021 /* Release */ = {
			isa = XCBuildConfiguration;
			baseConfigurationReference = F0D6070139FC76BC1A203517 /* Pods-Render.release.xcconfig */;
			buildSettings = {
				ASSETCATALOG_COMPILER_APPICON_NAME = AppIcon;
				ASSETCATALOG_COMPILER_GLOBAL_ACCENT_COLOR_NAME = AccentColor;
				CODE_SIGN_STYLE = Automatic;
				CURRENT_PROJECT_VERSION = 1;
				DEVELOPMENT_TEAM = LH8PPFBRK4;
				GCC_PREFIX_HEADER = "${PROJECT}/App/PrefixHeader.pch";
				GENERATE_INFOPLIST_FILE = YES;
				INFOPLIST_FILE = Render/App/Info.plist;
				INFOPLIST_KEY_UIApplicationSupportsIndirectInputEvents = YES;
				INFOPLIST_KEY_UILaunchStoryboardName = LaunchScreen;
				INFOPLIST_KEY_UISupportedInterfaceOrientations = UIInterfaceOrientationPortrait;
				INFOPLIST_KEY_UISupportedInterfaceOrientations_iPad = "UIInterfaceOrientationPortrait UIInterfaceOrientationPortraitUpsideDown UIInterfaceOrientationLandscapeLeft UIInterfaceOrientationLandscapeRight";
				INFOPLIST_KEY_UISupportedInterfaceOrientations_iPhone = "UIInterfaceOrientationPortrait UIInterfaceOrientationLandscapeLeft UIInterfaceOrientationLandscapeRight";
				IPHONEOS_DEPLOYMENT_TARGET = 11.4;
				LD_RUNPATH_SEARCH_PATHS = (
					"$(inherited)",
					"@executable_path/Frameworks",
				);
				MARKETING_VERSION = 1.0;
				PRODUCT_BUNDLE_IDENTIFIER = fri.Render;
				PRODUCT_NAME = "$(TARGET_NAME)";
				SWIFT_EMIT_LOC_STRINGS = YES;
				TARGETED_DEVICE_FAMILY = 1;
			};
			name = Release;
		};
/* End XCBuildConfiguration section */

/* Begin XCConfigurationList section */
		0721689F27F5EFE500FE1021 /* Build configuration list for PBXProject "Render" */ = {
			isa = XCConfigurationList;
			buildConfigurations = (
				072168BB27F5EFE600FE1021 /* Debug */,
				072168BC27F5EFE600FE1021 /* Release */,
			);
			defaultConfigurationIsVisible = 0;
			defaultConfigurationName = Release;
		};
		072168BD27F5EFE600FE1021 /* Build configuration list for PBXNativeTarget "Render" */ = {
			isa = XCConfigurationList;
			buildConfigurations = (
				072168BE27F5EFE600FE1021 /* Debug */,
				072168BF27F5EFE600FE1021 /* Release */,
			);
			defaultConfigurationIsVisible = 0;
			defaultConfigurationName = Release;
		};
/* End XCConfigurationList section */
	};
	rootObject = 0721689C27F5EFE500FE1021 /* Project object */;
}
